
Microsoft Visual Studio Solution File, Format Version 12.00
# Visual Studio Version 16
VisualStudioVersion = 16.0.31702.278
MinimumVisualStudioVersion = 10.0.40219.1
Project("{FAE04EC0-301F-11D3-BF4B-00C04F79EFBC}") = "FriendNotes", "FriendNotes.csproj", "{6FA4995B-F9EB-43C8-8D7B-D5E7D015A805}"
EndProject
Global
	GlobalSection(SolutionConfigurationPlatforms) = preSolution
		Debug|Any CPU = Debug|Any CPU
		Release|Any CPU = Release|Any CPU
	EndGlobalSection
	GlobalSection(ProjectConfigurationPlatforms) = postSolution
		{6FA4995B-F9EB-43C8-8D7B-D5E7D015A805}.Debug|Any CPU.ActiveCfg = Debug|Any CPU
		{6FA4995B-F9EB-43C8-8D7B-D5E7D015A805}.Debug|Any CPU.Build.0 = Debug|Any CPU
		{6FA4995B-F9EB-43C8-8D7B-D5E7D015A805}.Release|Any CPU.ActiveCfg = Release|Any CPU
		{6FA4995B-F9EB-43C8-8D7B-D5E7D015A805}.Release|Any CPU.Build.0 = Release|Any CPU
	EndGlobalSection
	GlobalSection(SolutionProperties) = preSolution
		HideSolutionNode = FALSE
	EndGlobalSection
	GlobalSection(ExtensibilityGlobals) = postSolution
		SolutionGuid = {9A04A010-D0EB-47FD-9B1C-E5D0DF0708C4}
	EndGlobalSection
EndGlobal
